
Microsoft Visual Studio Solution File, Format Version 12.00
# Visual Studio Version 16
VisualStudioVersion = 16.0.29709.97
MinimumVisualStudioVersion = 10.0.40219.1
Project("{FAE04EC0-301F-11D3-BF4B-00C04F79EFBC}") = "Lab_10_Movie_List", "Lab_10_Movie_List\Lab_10_Movie_List.csproj", "{5A019851-730D-4058-8390-BDDC71592C49}"
EndProject
Global
	GlobalSection(SolutionConfigurationPlatforms) = preSolution
		Debug|Any CPU = Debug|Any CPU
		Release|Any CPU = Release|Any CPU
	EndGlobalSection
	GlobalSection(ProjectConfigurationPlatforms) = postSolution
		{5A019851-730D-4058-8390-BDDC71592C49}.Debug|Any CPU.ActiveCfg = Debug|Any CPU
		{5A019851-730D-4058-8390-BDDC71592C49}.Debug|Any CPU.Build.0 = Debug|Any CPU
		{5A019851-730D-4058-8390-BDDC71592C49}.Release|Any CPU.ActiveCfg = Release|Any CPU
		{5A019851-730D-4058-8390-BDDC71592C49}.Release|Any CPU.Build.0 = Release|Any CPU
	EndGlobalSection
	GlobalSection(SolutionProperties) = preSolution
		HideSolutionNode = FALSE
	EndGlobalSection
	GlobalSection(ExtensibilityGlobals) = postSolution
		SolutionGuid = {09737D3B-8D5E-4452-A521-A62313217A29}
	EndGlobalSection
EndGlobal
